
Microsoft Visual Studio Solution File, Format Version 12.00
# Visual Studio Version 17
VisualStudioVersion = 17.12.35209.166
MinimumVisualStudioVersion = 10.0.40219.1
Project("{FAE04EC0-301F-11D3-BF4B-00C04F79EFBC}") = "CalculadoraDeEdad", "CalculadoraDeEdad.csproj", "{628CD272-88B2-43E3-ACF7-02B108CD441D}"
EndProject
Global
	GlobalSection(SolutionConfigurationPlatforms) = preSolution
		Debug|Any CPU = Debug|Any CPU
		Release|Any CPU = Release|Any CPU
	EndGlobalSection
	GlobalSection(ProjectConfigurationPlatforms) = postSolution
		{628CD272-88B2-43E3-ACF7-02B108CD441D}.Debug|Any CPU.ActiveCfg = Debug|Any CPU
		{628CD272-88B2-43E3-ACF7-02B108CD441D}.Debug|Any CPU.Build.0 = Debug|Any CPU
		{628CD272-88B2-43E3-ACF7-02B108CD441D}.Release|Any CPU.ActiveCfg = Release|Any CPU
		{628CD272-88B2-43E3-ACF7-02B108CD441D}.Release|Any CPU.Build.0 = Release|Any CPU
	EndGlobalSection
	GlobalSection(SolutionProperties) = preSolution
		HideSolutionNode = FALSE
	EndGlobalSection
	GlobalSection(ExtensibilityGlobals) = postSolution
		SolutionGuid = {7EADF42F-12BF-4F97-B000-B823C49ABBD5}
	EndGlobalSection
EndGlobal
